
Microsoft Visual Studio Solution File, Format Version 12.00
# Visual Studio 15
VisualStudioVersion = 15.0.28307.106
MinimumVisualStudioVersion = 10.0.40219.1
Project("{FAE04EC0-301F-11D3-BF4B-00C04F79EFBC}") = "Quiz App", "Quiz App\Quiz App.csproj", "{FEEB1F0B-F1AA-432A-8C5A-B996D9959378}"
EndProject
Global
	GlobalSection(SolutionConfigurationPlatforms) = preSolution
		Debug|Any CPU = Debug|Any CPU
		Release|Any CPU = Release|Any CPU
	EndGlobalSection
	GlobalSection(ProjectConfigurationPlatforms) = postSolution
		{FEEB1F0B-F1AA-432A-8C5A-B996D9959378}.Debug|Any CPU.ActiveCfg = Debug|Any CPU
		{FEEB1F0B-F1AA-432A-8C5A-B996D9959378}.Debug|Any CPU.Build.0 = Debug|Any CPU
		{FEEB1F0B-F1AA-432A-8C5A-B996D9959378}.Release|Any CPU.ActiveCfg = Release|Any CPU
		{FEEB1F0B-F1AA-432A-8C5A-B996D9959378}.Release|Any CPU.Build.0 = Release|Any CPU
	EndGlobalSection
	GlobalSection(SolutionProperties) = preSolution
		HideSolutionNode = FALSE
	EndGlobalSection
	GlobalSection(ExtensibilityGlobals) = postSolution
		SolutionGuid = {9646CA99-4F60-43EE-B8CC-B5BF0B8E3136}
	EndGlobalSection
EndGlobal
